
Microsoft Visual Studio Solution File, Format Version 12.00
Project("{2150E333-8FDC-42A3-9474-1A3956D46DE8}") = "Session1", "Session1", "{189C6BA1-1B47-4298-BEC1-8A252BA3096D}"
EndProject
Project("{FAE04EC0-301F-11D3-BF4B-00C04F79EFBC}") = "Assignment1", "src\Session1\Assignment1\Assignment1.csproj", "{E29B63BA-8943-48D1-BD92-41B9A6F569C9}"
EndProject
Project("{FAE04EC0-301F-11D3-BF4B-00C04F79EFBC}") = "Assignment2", "src\Session1\Assignment2\Assignment2.csproj", "{54873259-E41E-4761-B58D-67F74B37540B}"
EndProject
Project("{FAE04EC0-301F-11D3-BF4B-00C04F79EFBC}") = "Assignment3", "src\Session1\Assignment3\Assignment3.csproj", "{AF72FCE9-784C-4658-913F-C081A8C1B4D2}"
EndProject
Project("{FAE04EC0-301F-11D3-BF4B-00C04F79EFBC}") = "Assignment4", "src\Session1\Assignment4\Assignment4.csproj", "{7129C79A-5A33-4AA3-94DC-9AE179AF8046}"
EndProject
Global
	GlobalSection(SolutionConfigurationPlatforms) = preSolution
		Debug|Any CPU = Debug|Any CPU
		Release|Any CPU = Release|Any CPU
	EndGlobalSection
	GlobalSection(ProjectConfigurationPlatforms) = postSolution
		{E29B63BA-8943-48D1-BD92-41B9A6F569C9}.Debug|Any CPU.ActiveCfg = Debug|Any CPU
		{E29B63BA-8943-48D1-BD92-41B9A6F569C9}.Debug|Any CPU.Build.0 = Debug|Any CPU
		{E29B63BA-8943-48D1-BD92-41B9A6F569C9}.Release|Any CPU.ActiveCfg = Release|Any CPU
		{E29B63BA-8943-48D1-BD92-41B9A6F569C9}.Release|Any CPU.Build.0 = Release|Any CPU
		{54873259-E41E-4761-B58D-67F74B37540B}.Debug|Any CPU.ActiveCfg = Debug|Any CPU
		{54873259-E41E-4761-B58D-67F74B37540B}.Debug|Any CPU.Build.0 = Debug|Any CPU
		{54873259-E41E-4761-B58D-67F74B37540B}.Release|Any CPU.ActiveCfg = Release|Any CPU
		{54873259-E41E-4761-B58D-67F74B37540B}.Release|Any CPU.Build.0 = Release|Any CPU
		{AF72FCE9-784C-4658-913F-C081A8C1B4D2}.Debug|Any CPU.ActiveCfg = Debug|Any CPU
		{AF72FCE9-784C-4658-913F-C081A8C1B4D2}.Debug|Any CPU.Build.0 = Debug|Any CPU
		{AF72FCE9-784C-4658-913F-C081A8C1B4D2}.Release|Any CPU.ActiveCfg = Release|Any CPU
		{AF72FCE9-784C-4658-913F-C081A8C1B4D2}.Release|Any CPU.Build.0 = Release|Any CPU
		{7129C79A-5A33-4AA3-94DC-9AE179AF8046}.Debug|Any CPU.ActiveCfg = Debug|Any CPU
		{7129C79A-5A33-4AA3-94DC-9AE179AF8046}.Debug|Any CPU.Build.0 = Debug|Any CPU
		{7129C79A-5A33-4AA3-94DC-9AE179AF8046}.Release|Any CPU.ActiveCfg = Release|Any CPU
		{7129C79A-5A33-4AA3-94DC-9AE179AF8046}.Release|Any CPU.Build.0 = Release|Any CPU
	EndGlobalSection
	GlobalSection(NestedProjects) = preSolution
		{E29B63BA-8943-48D1-BD92-41B9A6F569C9} = {189C6BA1-1B47-4298-BEC1-8A252BA3096D}
		{54873259-E41E-4761-B58D-67F74B37540B} = {189C6BA1-1B47-4298-BEC1-8A252BA3096D}
		{AF72FCE9-784C-4658-913F-C081A8C1B4D2} = {189C6BA1-1B47-4298-BEC1-8A252BA3096D}
		{7129C79A-5A33-4AA3-94DC-9AE179AF8046} = {189C6BA1-1B47-4298-BEC1-8A252BA3096D}
	EndGlobalSection
EndGlobal
